
Microsoft Visual Studio Solution File, Format Version 12.00
# Visual Studio Version 16
VisualStudioVersion = 16.0.29806.167
MinimumVisualStudioVersion = 10.0.40219.1
Project("{FAE04EC0-301F-11D3-BF4B-00C04F79EFBC}") = "testeMOB.Android", "testeMOB.Android\testeMOB.Android.csproj", "{3E14E8D3-DAA7-40CD-AD3E-F77ABCADAB27}"
EndProject
Project("{9A19103F-16F7-4668-BE54-9A1E7A4F7556}") = "testeMOB", "testeMOB\testeMOB.csproj", "{C249EC07-EDA5-4E11-91A2-B94D4110A900}"
EndProject
Global
	GlobalSection(SolutionConfigurationPlatforms) = preSolution
		Debug|Any CPU = Debug|Any CPU
		Debug|iPhone = Debug|iPhone
		Debug|iPhoneSimulator = Debug|iPhoneSimulator
		Release|Any CPU = Release|Any CPU
		Release|iPhone = Release|iPhone
		Release|iPhoneSimulator = Release|iPhoneSimulator
	EndGlobalSection
	GlobalSection(ProjectConfigurationPlatforms) = postSolution
		{3E14E8D3-DAA7-40CD-AD3E-F77ABCADAB27}.Debug|Any CPU.ActiveCfg = Debug|Any CPU
		{3E14E8D3-DAA7-40CD-AD3E-F77ABCADAB27}.Debug|Any CPU.Build.0 = Debug|Any CPU
		{3E14E8D3-DAA7-40CD-AD3E-F77ABCADAB27}.Debug|Any CPU.Deploy.0 = Debug|Any CPU
		{3E14E8D3-DAA7-40CD-AD3E-F77ABCADAB27}.Debug|iPhone.ActiveCfg = Debug|Any CPU
		{3E14E8D3-DAA7-40CD-AD3E-F77ABCADAB27}.Debug|iPhone.Build.0 = Debug|Any CPU
		{3E14E8D3-DAA7-40CD-AD3E-F77ABCADAB27}.Debug|iPhone.Deploy.0 = Debug|Any CPU
		{3E14E8D3-DAA7-40CD-AD3E-F77ABCADAB27}.Debug|iPhoneSimulator.ActiveCfg = Debug|Any CPU
		{3E14E8D3-DAA7-40CD-AD3E-F77ABCADAB27}.Debug|iPhoneSimulator.Build.0 = Debug|Any CPU
		{3E14E8D3-DAA7-40CD-AD3E-F77ABCADAB27}.Debug|iPhoneSimulator.Deploy.0 = Debug|Any CPU
		{3E14E8D3-DAA7-40CD-AD3E-F77ABCADAB27}.Release|Any CPU.ActiveCfg = Release|Any CPU
		{3E14E8D3-DAA7-40CD-AD3E-F77ABCADAB27}.Release|Any CPU.Build.0 = Release|Any CPU
		{3E14E8D3-DAA7-40CD-AD3E-F77ABCADAB27}.Release|Any CPU.Deploy.0 = Release|Any CPU
		{3E14E8D3-DAA7-40CD-AD3E-F77ABCADAB27}.Release|iPhone.ActiveCfg = Release|Any CPU
		{3E14E8D3-DAA7-40CD-AD3E-F77ABCADAB27}.Release|iPhone.Build.0 = Release|Any CPU
		{3E14E8D3-DAA7-40CD-AD3E-F77ABCADAB27}.Release|iPhone.Deploy.0 = Release|Any CPU
		{3E14E8D3-DAA7-40CD-AD3E-F77ABCADAB27}.Release|iPhoneSimulator.ActiveCfg = Release|Any CPU
		{3E14E8D3-DAA7-40CD-AD3E-F77ABCADAB27}.Release|iPhoneSimulator.Build.0 = Release|Any CPU
		{3E14E8D3-DAA7-40CD-AD3E-F77ABCADAB27}.Release|iPhoneSimulator.Deploy.0 = Release|Any CPU
		{C249EC07-EDA5-4E11-91A2-B94D4110A900}.Debug|Any CPU.ActiveCfg = Debug|Any CPU
		{C249EC07-EDA5-4E11-91A2-B94D4110A900}.Debug|Any CPU.Build.0 = Debug|Any CPU
		{C249EC07-EDA5-4E11-91A2-B94D4110A900}.Debug|Any CPU.Deploy.0 = Debug|Any CPU
		{C249EC07-EDA5-4E11-91A2-B94D4110A900}.Debug|iPhone.ActiveCfg = Debug|Any CPU
		{C249EC07-EDA5-4E11-91A2-B94D4110A900}.Debug|iPhone.Build.0 = Debug|Any CPU
		{C249EC07-EDA5-4E11-91A2-B94D4110A900}.Debug|iPhone.Deploy.0 = Debug|Any CPU
		{C249EC07-EDA5-4E11-91A2-B94D4110A900}.Debug|iPhoneSimulator.ActiveCfg = Debug|Any CPU
		{C249EC07-EDA5-4E11-91A2-B94D4110A900}.Debug|iPhoneSimulator.Build.0 = Debug|Any CPU
		{C249EC07-EDA5-4E11-91A2-B94D4110A900}.Debug|iPhoneSimulator.Deploy.0 = Debug|Any CPU
		{C249EC07-EDA5-4E11-91A2-B94D4110A900}.Release|Any CPU.ActiveCfg = Release|Any CPU
		{C249EC07-EDA5-4E11-91A2-B94D4110A900}.Release|Any CPU.Build.0 = Release|Any CPU
		{C249EC07-EDA5-4E11-91A2-B94D4110A900}.Release|Any CPU.Deploy.0 = Release|Any CPU
		{C249EC07-EDA5-4E11-91A2-B94D4110A900}.Release|iPhone.ActiveCfg = Release|Any CPU
		{C249EC07-EDA5-4E11-91A2-B94D4110A900}.Release|iPhone.Build.0 = Release|Any CPU
		{C249EC07-EDA5-4E11-91A2-B94D4110A900}.Release|iPhone.Deploy.0 = Release|Any CPU
		{C249EC07-EDA5-4E11-91A2-B94D4110A900}.Release|iPhoneSimulator.ActiveCfg = Release|Any CPU
		{C249EC07-EDA5-4E11-91A2-B94D4110A900}.Release|iPhoneSimulator.Build.0 = Release|Any CPU
		{C249EC07-EDA5-4E11-91A2-B94D4110A900}.Release|iPhoneSimulator.Deploy.0 = Release|Any CPU
	EndGlobalSection
	GlobalSection(SolutionProperties) = preSolution
		HideSolutionNode = FALSE
	EndGlobalSection
	GlobalSection(ExtensibilityGlobals) = postSolution
		SolutionGuid = {9A369998-95D1-4707-8153-FC731A89D07B}
	EndGlobalSection
EndGlobal
